PODS:
  - BaseUtils (1.0.43)
  - PodImage (1.0.26):
    - BaseUtils

DEPENDENCIES:
  - BaseUtils
  - PodImage

SPEC CHECKSUMS:
  BaseUtils: 29a9756e46a62ea6409d0aa2bdc85befd22b3bf9
  PodImage: c5ef35333c8d6a4f4287bea53588d000edbb1e52

PODFILE CHECKSUM: 75746123f4e90b783d8bb0d5c709ad519789c944

COCOAPODS: 1.1.1
