PODS:
  - BaseUtils (1.0.45)
  - PodImage (1.0.28):
    - BaseUtils

DEPENDENCIES:
  - BaseUtils
  - PodImage

SPEC CHECKSUMS:
  BaseUtils: c3ba54e68b885d2ea6014e98b982de53b1872206
  PodImage: 99f732ae7716f2f1faaa1bfd60819c24b91c9dd9

PODFILE CHECKSUM: 75746123f4e90b783d8bb0d5c709ad519789c944

COCOAPODS: 1.1.1
