PODS:
  - BaseUtils (1.0.41)
  - PodImage (1.0.24):
    - BaseUtils

DEPENDENCIES:
  - BaseUtils
  - PodImage

SPEC CHECKSUMS:
  BaseUtils: 61e722e559d29833b2d1712902581de43ae4c48c
  PodImage: 644aafafcfd4849332800a530e423206f3b4ea70

PODFILE CHECKSUM: 75746123f4e90b783d8bb0d5c709ad519789c944

COCOAPODS: 1.1.1
